// !$*UTF8*$!
{
	archiveVersion = 1;
	classes = {
	};
	objectVersion = 46;
	objects = {

/* Begin PBXBuildFile section */
		8F9DE6C91ADF580C008599D8 /* AppDelegate.swift in Sources */ = {isa = PBXBuildFile; fileRef = 8F9DE6C81ADF580C008599D8 /* AppDelegate.swift */; };
		8F9DE6CB1ADF580C008599D8 /* GameScene.sks in Resources */ = {isa = PBXBuildFile; fileRef = 8F9DE6CA1ADF580C008599D8 /* GameScene.sks */; };
		8F9DE6CD1ADF580C008599D8 /* GameScene.swift in Sources */ = {isa = PBXBuildFile; fileRef = 8F9DE6CC1ADF580C008599D8 /* GameScene.swift */; };
		8F9DE6CF1ADF580C008599D8 /* GameViewController.swift in Sources */ = {isa = PBXBuildFile; fileRef = 8F9DE6CE1ADF580C008599D8 /* GameViewController.swift */; };
		8F9DE6D21ADF580C008599D8 /* Main.storyboard in Resources */ = {isa = PBXBuildFile; fileRef = 8F9DE6D01ADF580C008599D8 /* Main.storyboard */; };
		8F9DE6D41ADF580C008599D8 /* Images.xcassets in Resources */ = {isa = PBXBuildFile; fileRef = 8F9DE6D31ADF580C008599D8 /* Images.xcassets */; };
		8F9DE6D71ADF580C008599D8 /* LaunchScreen.xib in Resources */ = {isa = PBXBuildFile; fileRef = 8F9DE6D51ADF580C008599D8 /* LaunchScreen.xib */; };
		8F9DE6E31ADF580C008599D8 /* Missile_EscapeTests.swift in Sources */ = {isa = PBXBuildFile; fileRef = 8F9DE6E21ADF580C008599D8 /* Missile_EscapeTests.swift */; };
/* End PBXBuildFile section */

/* Begin PBXContainerItemProxy section */
		8F9DE6DD1ADF580C008599D8 /* PBXContainerItemProxy */ = {
			isa = PBXContainerItemProxy;
			containerPortal = 8F9DE6BB1ADF580B008599D8 /* Project object */;
			proxyType = 1;
			remoteGlobalIDString = 8F9DE6C21ADF580C008599D8;
			remoteInfo = "Missile Escape";
		};
/* End PBXContainerItemProxy section */

/* Begin PBXFileReference section */
		8F9DE6C31ADF580C008599D8 /* Missile Escape.app */ = {isa = PBXFileReference; explicitFileType = wrapper.application; includeInIndex = 0; path = "Missile Escape.app"; sourceTree = BUILT_PRODUCTS_DIR; };
		8F9DE6C71ADF580C008599D8 /* Info.plist */ = {isa = PBXFileReference; lastKnownFileType = text.plist.xml; path = Info.plist; sourceTree = "<group>"; };
		8F9DE6C81ADF580C008599D8 /* AppDelegate.swift */ = {isa = PBXFileReference; lastKnownFileType = sourcecode.swift; path = AppDelegate.swift; sourceTree = "<group>"; };
		8F9DE6CA1ADF580C008599D8 /* GameScene.sks */ = {isa = PBXFileReference; lastKnownFileType = file.sks; path = GameScene.sks; sourceTree = "<group>"; };
		8F9DE6CC1ADF580C008599D8 /* GameScene.swift */ = {isa = PBXFileReference; lastKnownFileType = sourcecode.swift; path = GameScene.swift; sourceTree = "<group>"; };
		8F9DE6CE1ADF580C008599D8 /* GameViewController.swift */ = {isa = PBXFileReference; lastKnownFileType = sourcecode.swift; path = GameViewController.swift; sourceTree = "<group>"; };
		8F9DE6D11ADF580C008599D8 /* Base */ = {isa = PBXFileReference; lastKnownFileType = file.storyboard; name = Base; path = Base.lproj/Main.storyboard; sourceTree = "<group>"; };
		8F9DE6D31ADF580C008599D8 /* Images.xcassets */ = {isa = PBXFileReference; lastKnownFileType = folder.assetcatalog; path = Images.xcassets; sourceTree = "<group>"; };
		8F9DE6D61ADF580C008599D8 /* Base */ = {isa = PBXFileReference; lastKnownFileType = file.xib; name = Base; path = Base.lproj/LaunchScreen.xib; sourceTree = "<group>"; };
		8F9DE6DC1ADF580C008599D8 /* Missile EscapeTests.xctest */ = {isa = PBXFileReference; explicitFileType = wrapper.cfbundle; includeInIndex = 0; path = "Missile EscapeTests.xctest"; sourceTree = BUILT_PRODUCTS_DIR; };
		8F9DE6E11ADF580C008599D8 /* Info.plist */ = {isa = PBXFileReference; lastKnownFileType = text.plist.xml; path = Info.plist; sourceTree = "<group>"; };
		8F9DE6E21ADF580C008599D8 /* Missile_EscapeTests.swift */ = {isa = PBXFileReference; lastKnownFileType = sourcecode.swift; path = Missile_EscapeTests.swift; sourceTree = "<group>"; };
/* End PBXFileReference section */

/* Begin PBXFrameworksBuildPhase section */
		8F9DE6C01ADF580C008599D8 /* Frameworks */ = {
			isa = PBXFrameworksBuildPhase;
			buildActionMask = 2147483647;
			files = (
			);
			runOnlyForDeploymentPostprocessing = 0;
		};
		8F9DE6D91ADF580C008599D8 /* Frameworks */ = {
			isa = PBXFrameworksBuildPhase;
			buildActionMask = 2147483647;
			files = (
			);
			runOnlyForDeploymentPostprocessing = 0;
		};
/* End PBXFrameworksBuildPhase section */

/* Begin PBXGroup section */
		8F9DE6BA1ADF580B008599D8 = {
			isa = PBXGroup;
			children = (
				8F9DE6C51ADF580C008599D8 /* Missile Escape */,
				8F9DE6DF1ADF580C008599D8 /* Missile EscapeTests */,
				8F9DE6C41ADF580C008599D8 /* Products */,
			);
			sourceTree = "<group>";
		};
		8F9DE6C41ADF580C008599D8 /* Products */ = {
			isa = PBXGroup;
			children = (
				8F9DE6C31ADF580C008599D8 /* Missile Escape.app */,
				8F9DE6DC1ADF580C008599D8 /* Missile EscapeTests.xctest */,
			);
			name = Products;
			sourceTree = "<group>";
		};
		8F9DE6C51ADF580C008599D8 /* Missile Escape */ = {
			isa = PBXGroup;
			children = (
				8F9DE6C81ADF580C008599D8 /* AppDelegate.swift */,
				8F9DE6CA1ADF580C008599D8 /* GameScene.sks */,
				8F9DE6CC1ADF580C008599D8 /* GameScene.swift */,
				8F9DE6CE1ADF580C008599D8 /* GameViewController.swift */,
				8F9DE6D01ADF580C008599D8 /* Main.storyboard */,
				8F9DE6D31ADF580C008599D8 /* Images.xcassets */,
				8F9DE6D51ADF580C008599D8 /* LaunchScreen.xib */,
				8F9DE6C61ADF580C008599D8 /* Supporting Files */,
			);
			path = "Missile Escape";
			sourceTree = "<group>";
		};
		8F9DE6C61ADF580C008599D8 /* Supporting Files */ = {
			isa = PBXGroup;
			children = (
				8F9DE6C71ADF580C008599D8 /* Info.plist */,
			);
			name = "Supporting Files";
			sourceTree = "<group>";
		};
		8F9DE6DF1ADF580C008599D8 /* Missile EscapeTests */ = {
			isa = PBXGroup;
			children = (
				8F9DE6E21ADF580C008599D8 /* Missile_EscapeTests.swift */,
				8F9DE6E01ADF580C008599D8 /* Supporting Files */,
			);
			path = "Missile EscapeTests";
			sourceTree = "<group>";
		};
		8F9DE6E01ADF580C008599D8 /* Supporting Files */ = {
			isa = PBXGroup;
			children = (
				8F9DE6E11ADF580C008599D8 /* Info.plist */,
			);
			name = "Supporting Files";
			sourceTree = "<group>";
		};
/* End PBXGroup section */

/* Begin PBXNativeTarget section */
		8F9DE6C21ADF580C008599D8 /* Missile Escape */ = {
			isa = PBXNativeTarget;
			buildConfigurationList = 8F9DE6E61ADF580C008599D8 /* Build configuration list for PBXNativeTarget "Missile Escape" */;
			buildPhases = (
				8F9DE6BF1ADF580C008599D8 /* Sources */,
				8F9DE6C01ADF580C008599D8 /* Frameworks */,
				8F9DE6C11ADF580C008599D8 /* Resources */,
			);
			buildRules = (
			);
			dependencies = (
			);
			name = "Missile Escape";
			productName = "Missile Escape";
			productReference = 8F9DE6C31ADF580C008599D8 /* Missile Escape.app */;
			productType = "com.apple.product-type.application";
		};
		8F9DE6DB1ADF580C008599D8 /* Missile EscapeTests */ = {
			isa = PBXNativeTarget;
			buildConfigurationList = 8F9DE6E91ADF580C008599D8 /* Build configuration list for PBXNativeTarget "Missile EscapeTests" */;
			buildPhases = (
				8F9DE6D81ADF580C008599D8 /* Sources */,
				8F9DE6D91ADF580C008599D8 /* Frameworks */,
				8F9DE6DA1ADF580C008599D8 /* Resources */,
			);
			buildRules = (
			);
			dependencies = (
				8F9DE6DE1ADF580C008599D8 /* PBXTargetDependency */,
			);
			name = "Missile EscapeTests";
			productName = "Missile EscapeTests";
			productReference = 8F9DE6DC1ADF580C008599D8 /* Missile EscapeTests.xctest */;
			productType = "com.apple.product-type.bundle.unit-test";
		};
/* End PBXNativeTarget section */

/* Begin PBXProject section */
		8F9DE6BB1ADF580B008599D8 /* Project object */ = {
			isa = PBXProject;
			attributes = {
				LastUpgradeCheck = 0620;
				ORGANIZATIONNAME = "Alan Carvajal";
				TargetAttributes = {
					8F9DE6C21ADF580C008599D8 = {
						CreatedOnToolsVersion = 6.2;
					};
					8F9DE6DB1ADF580C008599D8 = {
						CreatedOnToolsVersion = 6.2;
						TestTargetID = 8F9DE6C21ADF580C008599D8;
					};
				};
			};
			buildConfigurationList = 8F9DE6BE1ADF580B008599D8 /* Build configuration list for PBXProject "Missile Escape" */;
			compatibilityVersion = "Xcode 3.2";
			developmentRegion = English;
			hasScannedForEncodings = 0;
			knownRegions = (
				en,
				Base,
			);
			mainGroup = 8F9DE6BA1ADF580B008599D8;
			productRefGroup = 8F9DE6C41ADF580C008599D8 /* Products */;
			projectDirPath = "";
			projectRoot = "";
			targets = (
				8F9DE6C21ADF580C008599D8 /* Missile Escape */,
				8F9DE6DB1ADF580C008599D8 /* Missile EscapeTests */,
			);
		};
/* End PBXProject section */

/* Begin PBXResourcesBuildPhase section */
		8F9DE6C11ADF580C008599D8 /* Resources */ = {
			isa = PBXResourcesBuildPhase;
			buildActionMask = 2147483647;
			files = (
				8F9DE6D71ADF580C008599D8 /* LaunchScreen.xib in Resources */,
				8F9DE6D41ADF580C008599D8 /* Images.xcassets in Resources */,
				8F9DE6CB1ADF580C008599D8 /* GameScene.sks in Resources */,
				8F9DE6D21ADF580C008599D8 /* Main.storyboard in Resources */,
			);
			runOnlyForDeploymentPostprocessing = 0;
		};
		8F9DE6DA1ADF580C008599D8 /* Resources */ = {
			isa = PBXResourcesBuildPhase;
			buildActionMask = 2147483647;
			files = (
			);
			runOnlyForDeploymentPostprocessing = 0;
		};
/* End PBXResourcesBuildPhase section */

/* Begin PBXSourcesBuildPhase section */
		8F9DE6BF1ADF580C008599D8 /* Sources */ = {
			isa = PBXSourcesBuildPhase;
			buildActionMask = 2147483647;
			files = (
				8F9DE6CD1ADF580C008599D8 /* GameScene.swift in Sources */,
				8F9DE6CF1ADF580C008599D8 /* GameViewController.swift in Sources */,
				8F9DE6C91ADF580C008599D8 /* AppDelegate.swift in Sources */,
			);
			runOnlyForDeploymentPostprocessing = 0;
		};
		8F9DE6D81ADF580C008599D8 /* Sources */ = {
			isa = PBXSourcesBuildPhase;
			buildActionMask = 2147483647;
			files = (
				8F9DE6E31ADF580C008599D8 /* Missile_EscapeTests.swift in Sources */,
			);
			runOnlyForDeploymentPostprocessing = 0;
		};
/* End PBXSourcesBuildPhase section */

/* Begin PBXTargetDependency section */
		8F9DE6DE1ADF580C008599D8 /* PBXTargetDependency */ = {
			isa = PBXTargetDependency;
			target = 8F9DE6C21ADF580C008599D8 /* Missile Escape */;
			targetProxy = 8F9DE6DD1ADF580C008599D8 /* PBXContainerItemProxy */;
		};
/* End PBXTargetDependency section */

/* Begin PBXVariantGroup section */
		8F9DE6D01ADF580C008599D8 /* Main.storyboard */ = {
			isa = PBXVariantGroup;
			children = (
				8F9DE6D11ADF580C008599D8 /* Base */,
			);
			name = Main.storyboard;
			sourceTree = "<group>";
		};
		8F9DE6D51ADF580C008599D8 /* LaunchScreen.xib */ = {
			isa = PBXVariantGroup;
			children = (
				8F9DE6D61ADF580C008599D8 /* Base */,
			);
			name = LaunchScreen.xib;
			sourceTree = "<group>";
		};
/* End PBXVariantGroup section */

/* Begin XCBuildConfiguration section */
		8F9DE6E41ADF580C008599D8 /* Debug */ = {
			isa = XCBuildConfiguration;
			buildSettings = {
				ALWAYS_SEARCH_USER_PATHS = NO;
				CLANG_CXX_LANGUAGE_STANDARD = "gnu++0x";
				CLANG_CXX_LIBRARY = "libc++";
				CLANG_ENABLE_MODULES = YES;
				CLANG_ENABLE_OBJC_ARC = YES;
				CLANG_WARN_BOOL_CONVERSION = YES;
				CLANG_WARN_CONSTANT_CONVERSION = YES;
				CLANG_WARN_DIRECT_OBJC_ISA_USAGE = YES_ERROR;
				CLANG_WARN_EMPTY_BODY = YES;
				CLANG_WARN_ENUM_CONVERSION = YES;
				CLANG_WARN_INT_CONVERSION = YES;
				CLANG_WARN_OBJC_ROOT_CLASS = YES_ERROR;
				CLANG_WARN_UNREACHABLE_CODE = YES;
				CLANG_WARN__DUPLICATE_METHOD_MATCH = YES;
				"CODE_SIGN_IDENTITY[sdk=iphoneos*]" = "iPhone Developer";
				COPY_PHASE_STRIP = NO;
				ENABLE_STRICT_OBJC_MSGSEND = YES;
				GCC_C_LANGUAGE_STANDARD = gnu99;
				GCC_DYNAMIC_NO_PIC = NO;
				GCC_OPTIMIZATION_LEVEL = 0;
				GCC_PREPROCESSOR_DEFINITIONS = (
					"DEBUG=1",
					"$(inherited)",
				);
				GCC_SYMBOLS_PRIVATE_EXTERN = NO;
				GCC_WARN_64_TO_32_BIT_CONVERSION = YES;
				GCC_WARN_ABOUT_RETURN_TYPE = YES_ERROR;
				GCC_WARN_UNDECLARED_SELECTOR = YES;
				GCC_WARN_UNINITIALIZED_AUTOS = YES_AGGRESSIVE;
				GCC_WARN_UNUSED_FUNCTION = YES;
				GCC_WARN_UNUSED_VARIABLE = YES;
				IPHONEOS_DEPLOYMENT_TARGET = 8.2;
				MTL_ENABLE_DEBUG_INFO = YES;
				ONLY_ACTIVE_ARCH = YES;
				SDKROOT = iphoneos;
				SWIFT_OPTIMIZATION_LEVEL = "-Onone";
			};
			name = Debug;
		};
		8F9DE6E51ADF580C008599D8 /* Release */ = {
			isa = XCBuildConfiguration;
			buildSettings = {
				ALWAYS_SEARCH_USER_PATHS = NO;
				CLANG_CXX_LANGUAGE_STANDARD = "gnu++0x";
				CLANG_CXX_LIBRARY = "libc++";
				CLANG_ENABLE_MODULES = YES;
				CLANG_ENABLE_OBJC_ARC = YES;
				CLANG_WARN_BOOL_CONVERSION = YES;
				CLANG_WARN_CONSTANT_CONVERSION = YES;
				CLANG_WARN_DIRECT_OBJC_ISA_USAGE = YES_ERROR;
				CLANG_WARN_EMPTY_BODY = YES;
				CLANG_WARN_ENUM_CONVERSION = YES;
				CLANG_WARN_INT_CONVERSION = YES;
				CLANG_WARN_OBJC_ROOT_CLASS = YES_ERROR;
				CLANG_WARN_UNREACHABLE_CODE = YES;
				CLANG_WARN__DUPLICATE_METHOD_MATCH = YES;
				"CODE_SIGN_IDENTITY[sdk=iphoneos*]" = "iPhone Developer";
				COPY_PHASE_STRIP = NO;
				ENABLE_NS_ASSERTIONS = NO;
				ENABLE_STRICT_OBJC_MSGSEND = YES;
				GCC_C_LANGUAGE_STANDARD = gnu99;
				GCC_WARN_64_TO_32_BIT_CONVERSION = YES;
				GCC_WARN_ABOUT_RETURN_TYPE = YES_ERROR;
				GCC_WARN_UNDECLARED_SELECTOR = YES;
				GCC_WARN_UNINITIALIZED_AUTOS = YES_AGGRESSIVE;
				GCC_WARN_UNUSED_FUNCTION = YES;
				GCC_WARN_UNUSED_VARIABLE = YES;
				IPHONEOS_DEPLOYMENT_TARGET = 8.2;
				MTL_ENABLE_DEBUG_INFO = NO;
				SDKROOT = iphoneos;
				VALIDATE_PRODUCT = YES;
			};
			name = Release;
		};
		8F9DE6E71ADF580C008599D8 /* Debug */ = {
			isa = XCBuildConfiguration;
			buildSettings = {
				ASSETCATALOG_COMPILER_APPICON_NAME = AppIcon;
				INFOPLIST_FILE = "Missile Escape/Info.plist";
				LD_RUNPATH_SEARCH_PATHS = "$(inherited) @executable_path/Frameworks";
				PRODUCT_NAME = "$(TARGET_NAME)";
			};
			name = Debug;
		};
		8F9DE6E81ADF580C008599D8 /* Release */ = {
			isa = XCBuildConfiguration;
			buildSettings = {
				ASSETCATALOG_COMPILER_APPICON_NAME = AppIcon;
				INFOPLIST_FILE = "Missile Escape/Info.plist";
				LD_RUNPATH_SEARCH_PATHS = "$(inherited) @executable_path/Frameworks";
				PRODUCT_NAME = "$(TARGET_NAME)";
			};
			name = Release;
		};
		8F9DE6EA1ADF580C008599D8 /* Debug */ = {
			isa = XCBuildConfiguration;
			buildSettings = {
				BUNDLE_LOADER = "$(TEST_HOST)";
				FRAMEWORK_SEARCH_PATHS = (
					"$(SDKROOT)/Developer/Library/Frameworks",
					"$(inherited)",
				);
				GCC_PREPROCESSOR_DEFINITIONS = (
					"DEBUG=1",
					"$(inherited)",
				);
				INFOPLIST_FILE = "Missile EscapeTests/Info.plist";
				LD_RUNPATH_SEARCH_PATHS = "$(inherited) @executable_path/Frameworks @loader_path/Frameworks";
				PRODUCT_NAME = "$(TARGET_NAME)";
				TEST_HOST = "$(BUILT_PRODUCTS_DIR)/Missile Escape.app/Missile Escape";
			};
			name = Debug;
		};
		8F9DE6EB1ADF580C008599D8 /* Release */ = {
			isa = XCBuildConfiguration;
			buildSettings = {
				BUNDLE_LOADER = "$(TEST_HOST)";
				FRAMEWORK_SEARCH_PATHS = (
					"$(SDKROOT)/Developer/Library/Frameworks",
					"$(inherited)",
				);
				INFOPLIST_FILE = "Missile EscapeTests/Info.plist";
				LD_RUNPATH_SEARCH_PATHS = "$(inherited) @executable_path/Frameworks @loader_path/Frameworks";
				PRODUCT_NAME = "$(TARGET_NAME)";
				TEST_HOST = "$(BUILT_PRODUCTS_DIR)/Missile Escape.app/Missile Escape";
			};
			name = Release;
		};
/* End XCBuildConfiguration section */

/* Begin XCConfigurationList section */
		8F9DE6BE1ADF580B008599D8 /* Build configuration list for PBXProject "Missile Escape" */ = {
			isa = XCConfigurationList;
			buildConfigurations = (
				8F9DE6E41ADF580C008599D8 /* Debug */,
				8F9DE6E51ADF580C008599D8 /* Release */,
			);
			defaultConfigurationIsVisible = 0;
			defaultConfigurationName = Release;
		};
		8F9DE6E61ADF580C008599D8 /* Build configuration list for PBXNativeTarget "Missile Escape" */ = {
			isa = XCConfigurationList;
			buildConfigurations = (
				8F9DE6E71ADF580C008599D8 /* Debug */,
				8F9DE6E81ADF580C008599D8 /* Release */,
			);
			defaultConfigurationIsVisible = 0;
		};
		8F9DE6E91ADF580C008599D8 /* Build configuration list for PBXNativeTarget "Missile EscapeTests" */ = {
			isa = XCConfigurationList;
			buildConfigurations = (
				8F9DE6EA1ADF580C008599D8 /* Debug */,
				8F9DE6EB1ADF580C008599D8 /* Release */,
			);
			defaultConfigurationIsVisible = 0;
		};
/* End XCConfigurationList section */
	};
	rootObject = 8F9DE6BB1ADF580B008599D8 /* Project object */;
}
